
Microsoft Visual Studio Solution File, Format Version 12.00
# Visual Studio 15
VisualStudioVersion = 15.0.28307.902
MinimumVisualStudioVersion = 10.0.40219.1
Project("{FAE04EC0-301F-11D3-BF4B-00C04F79EFBC}") = "CapaEntidad", "CapaEntidad\CapaEntidad.csproj", "{9E1B7DC1-6916-4EE2-A581-B9C432C3033F}"
EndProject
Project("{FAE04EC0-301F-11D3-BF4B-00C04F79EFBC}") = "CapaDato", "CapaDato\CapaDato.csproj", "{2EEEF0CE-A861-47A9-A5AE-EE25A5CAEF9D}"
EndProject
Project("{FAE04EC0-301F-11D3-BF4B-00C04F79EFBC}") = "CapaNegocio", "CapaNegocio\CapaNegocio.csproj", "{388DB411-D7DC-4485-B7BD-C7BBC03837B3}"
EndProject
Project("{FAE04EC0-301F-11D3-BF4B-00C04F79EFBC}") = "CapaWeb", "CapaWeb\CapaWeb.csproj", "{97B5F81A-27D8-4BDF-AC7F-9FC91F2264F5}"
EndProject
Global
	GlobalSection(SolutionConfigurationPlatforms) = preSolution
		Debug|Any CPU = Debug|Any CPU
		Release|Any CPU = Release|Any CPU
	EndGlobalSection
	GlobalSection(ProjectConfigurationPlatforms) = postSolution
		{9E1B7DC1-6916-4EE2-A581-B9C432C3033F}.Debug|Any CPU.ActiveCfg = Debug|Any CPU
		{9E1B7DC1-6916-4EE2-A581-B9C432C3033F}.Debug|Any CPU.Build.0 = Debug|Any CPU
		{9E1B7DC1-6916-4EE2-A581-B9C432C3033F}.Release|Any CPU.ActiveCfg = Release|Any CPU
		{9E1B7DC1-6916-4EE2-A581-B9C432C3033F}.Release|Any CPU.Build.0 = Release|Any CPU
		{2EEEF0CE-A861-47A9-A5AE-EE25A5CAEF9D}.Debug|Any CPU.ActiveCfg = Debug|Any CPU
		{2EEEF0CE-A861-47A9-A5AE-EE25A5CAEF9D}.Debug|Any CPU.Build.0 = Debug|Any CPU
		{2EEEF0CE-A861-47A9-A5AE-EE25A5CAEF9D}.Release|Any CPU.ActiveCfg = Release|Any CPU
		{2EEEF0CE-A861-47A9-A5AE-EE25A5CAEF9D}.Release|Any CPU.Build.0 = Release|Any CPU
		{388DB411-D7DC-4485-B7BD-C7BBC03837B3}.Debug|Any CPU.ActiveCfg = Debug|Any CPU
		{388DB411-D7DC-4485-B7BD-C7BBC03837B3}.Debug|Any CPU.Build.0 = Debug|Any CPU
		{388DB411-D7DC-4485-B7BD-C7BBC03837B3}.Release|Any CPU.ActiveCfg = Release|Any CPU
		{388DB411-D7DC-4485-B7BD-C7BBC03837B3}.Release|Any CPU.Build.0 = Release|Any CPU
		{97B5F81A-27D8-4BDF-AC7F-9FC91F2264F5}.Debug|Any CPU.ActiveCfg = Debug|Any CPU
		{97B5F81A-27D8-4BDF-AC7F-9FC91F2264F5}.Debug|Any CPU.Build.0 = Debug|Any CPU
		{97B5F81A-27D8-4BDF-AC7F-9FC91F2264F5}.Release|Any CPU.ActiveCfg = Release|Any CPU
		{97B5F81A-27D8-4BDF-AC7F-9FC91F2264F5}.Release|Any CPU.Build.0 = Release|Any CPU
	EndGlobalSection
	GlobalSection(SolutionProperties) = preSolution
		HideSolutionNode = FALSE
	EndGlobalSection
	GlobalSection(ExtensibilityGlobals) = postSolution
		SolutionGuid = {F4FA9905-5527-4E09-91C0-4BD5E0599979}
	EndGlobalSection
EndGlobal
